
Microsoft Visual Studio Solution File, Format Version 11.00
# Visual Studio 2010
Project("{FAE04EC0-301F-11D3-BF4B-00C04F79EFBC}") = "Assembly-CSharp", "Assembly-CSharp.csproj", "{A16C7FEB-CAB7-A1AF-233C-BD5DB7BB46EB}"
EndProject
Global
	GlobalSection(SolutionConfigurationPlatforms) = preSolution
		Debug|Any CPU = Debug|Any CPU
		Release|Any CPU = Release|Any CPU
	EndGlobalSection
	GlobalSection(ProjectConfigurationPlatforms) = postSolution
		{A16C7FEB-CAB7-A1AF-233C-BD5DB7BB46EB}.Debug|Any CPU.ActiveCfg = Debug|Any CPU
		{A16C7FEB-CAB7-A1AF-233C-BD5DB7BB46EB}.Debug|Any CPU.Build.0 = Debug|Any CPU
		{A16C7FEB-CAB7-A1AF-233C-BD5DB7BB46EB}.Release|Any CPU.ActiveCfg = Release|Any CPU
		{A16C7FEB-CAB7-A1AF-233C-BD5DB7BB46EB}.Release|Any CPU.Build.0 = Release|Any CPU
	EndGlobalSection
	GlobalSection(SolutionProperties) = preSolution
		HideSolutionNode = FALSE
	EndGlobalSection
EndGlobal
